<?xml version="1.0" encoding="utf-8"?>
<Project ToolsVersion="4.0" xmlns="http://schemas.microsoft.com/developer/msbuild/2003">
  <ItemGroup>
    <ClCompile Include="..\Source\04_DescriptorSet\04_DescriptorSet.cpp" />
    <ClCompile Include="..\Source\Common\Application.cpp">
      <Filter>Common</Filter>
    </ClCompile>
    <ClCompile Include="..\Source\Common\RaytracingApplication.cpp">
      <Filter>Common</Filter>
    </ClCompile>
  </ItemGroup>
  <ItemGroup>
    <ClInclude Include="..\Source\Common\Application.h">
      <Filter>Common</Filter>
    </ClInclude>
    <ClInclude Include="..\Source\Common\RaytracingApplication.h">
      <Filter>Common</Filter>
    </ClInclude>
  </ItemGroup>
  <ItemGroup>
    <Filter Include="Common">
      <UniqueIdentifier>{91752444-1ff2-4170-a5f7-84a57407901b}</UniqueIdentifier>
    </Filter>
    <Filter Include="Shaders">
      <UniqueIdentifier>{ba793fcd-eb30-4d1f-8ff5-9ade6d212201}</UniqueIdentifier>
    </Filter>
  </ItemGroup>
  <ItemGroup>
    <Text Include="..\Source\Shaders\CompilationReadme.txt">
      <Filter>Shaders</Filter>
    </Text>
  </ItemGroup>
  <ItemGroup>
    <None Include="..\Source\Shaders\rt_basic.rgen">
      <Filter>Shaders</Filter>
    </None>
  </ItemGroup>
</Project>