<?xml version="1.0" encoding="utf-8"?>
<Project ToolsVersion="4.0" xmlns="http://schemas.microsoft.com/developer/msbuild/2003">
  <ItemGroup>
    <ClCompile Include="..\Source\05_RayGen\05_RayGen.cpp" />
    <ClCompile Include="..\Source\Common\Application.cpp">
      <Filter>Common</Filter>
    </ClCompile>
    <ClCompile Include="..\Source\Common\RaytracingApplication.cpp">
      <Filter>Common</Filter>
    </ClCompile>
  </ItemGroup>
  <ItemGroup>
    <ClInclude Include="..\Source\Common\Application.h">
      <Filter>Common</Filter>
    </ClInclude>
    <ClInclude Include="..\Source\Common\RaytracingApplication.h">
      <Filter>Common</Filter>
    </ClInclude>
  </ItemGroup>
  <ItemGroup>
    <Filter Include="Common">
      <UniqueIdentifier>{3183000a-09d7-40d5-9fc7-a6554d8b0ea7}</UniqueIdentifier>
    </Filter>
    <Filter Include="Shaders">
      <UniqueIdentifier>{481b978c-6edf-43f5-afdf-595a784116d6}</UniqueIdentifier>
    </Filter>
  </ItemGroup>
  <ItemGroup>
    <Text Include="..\Source\Shaders\CompilationReadme.txt">
      <Filter>Shaders</Filter>
    </Text>
  </ItemGroup>
  <ItemGroup>
    <None Include="..\Source\Shaders\rt_basic.rgen">
      <Filter>Shaders</Filter>
    </None>
  </ItemGroup>
</Project>